// !$*UTF8*$!
{
	archiveVersion = 1;
	classes = {
	};
	objectVersion = 50;
	objects = {

/* Begin PBXBuildFile section */
		407DBDD4224FA5E80062CB1A /* AppDelegate.swift in Sources */ = {isa = PBXBuildFile; fileRef = 407DBDD3224FA5E80062CB1A /* AppDelegate.swift */; };
		407DBDD6224FA5E80062CB1A /* ViewController.swift in Sources */ = {isa = PBXBuildFile; fileRef = 407DBDD5224FA5E80062CB1A /* ViewController.swift */; };
		407DBDD9224FA5E80062CB1A /* Main.storyboard in Resources */ = {isa = PBXBuildFile; fileRef = 407DBDD7224FA5E80062CB1A /* Main.storyboard */; };
		407DBDDC224FA5E80062CB1A /* Enclosures.xcdatamodeld in Sources */ = {isa = PBXBuildFile; fileRef = 407DBDDA224FA5E80062CB1A /* Enclosures.xcdatamodeld */; };
		407DBDDE224FA5E90062CB1A /* Assets.xcassets in Resources */ = {isa = PBXBuildFile; fileRef = 407DBDDD224FA5E90062CB1A /* Assets.xcassets */; };
		407DBDE1224FA5E90062CB1A /* LaunchScreen.storyboard in Resources */ = {isa = PBXBuildFile; fileRef = 407DBDDF224FA5E90062CB1A /* LaunchScreen.storyboard */; };
/* End PBXBuildFile section */

/* Begin PBXFileReference section */
		407DBDD0224FA5E80062CB1A /* Enclosures.app */ = {isa = PBXFileReference; explicitFileType = wrapper.application; includeInIndex = 0; path = Enclosures.app; sourceTree = BUILT_PRODUCTS_DIR; };
		407DBDD3224FA5E80062CB1A /* AppDelegate.swift */ = {isa = PBXFileReference; lastKnownFileType = sourcecode.swift; path = AppDelegate.swift; sourceTree = "<group>"; };
		407DBDD5224FA5E80062CB1A /* ViewController.swift */ = {isa = PBXFileReference; lastKnownFileType = sourcecode.swift; path = ViewController.swift; sourceTree = "<group>"; };
		407DBDD8224FA5E80062CB1A /* Base */ = {isa = PBXFileReference; lastKnownFileType = file.storyboard; name = Base; path = Base.lproj/Main.storyboard; sourceTree = "<group>"; };
		407DBDDB224FA5E80062CB1A /* Enclosures.xcdatamodel */ = {isa = PBXFileReference; lastKnownFileType = wrapper.xcdatamodel; path = Enclosures.xcdatamodel; sourceTree = "<group>"; };
		407DBDDD224FA5E90062CB1A /* Assets.xcassets */ = {isa = PBXFileReference; lastKnownFileType = folder.assetcatalog; path = Assets.xcassets; sourceTree = "<group>"; };
		407DBDE0224FA5E90062CB1A /* Base */ = {isa = PBXFileReference; lastKnownFileType = file.storyboard; name = Base; path = Base.lproj/LaunchScreen.storyboard; sourceTree = "<group>"; };
		407DBDE2224FA5E90062CB1A /* Info.plist */ = {isa = PBXFileReference; lastKnownFileType = text.plist.xml; path = Info.plist; sourceTree = "<group>"; };
/* End PBXFileReference section */

/* Begin PBXFrameworksBuildPhase section */
		407DBDCD224FA5E80062CB1A /* Frameworks */ = {
			isa = PBXFrameworksBuildPhase;
			buildActionMask = 2147483647;
			files = (
			);
			runOnlyForDeploymentPostprocessing = 0;
		};
/* End PBXFrameworksBuildPhase section */

/* Begin PBXGroup section */
		407DBDC7224FA5E80062CB1A = {
			isa = PBXGroup;
			children = (
				407DBDD2224FA5E80062CB1A /* Enclosures */,
				407DBDD1224FA5E80062CB1A /* Products */,
			);
			sourceTree = "<group>";
		};
		407DBDD1224FA5E80062CB1A /* Products */ = {
			isa = PBXGroup;
			children = (
				407DBDD0224FA5E80062CB1A /* Enclosures.app */,
			);
			name = Products;
			sourceTree = "<group>";
		};
		407DBDD2224FA5E80062CB1A /* Enclosures */ = {
			isa = PBXGroup;
			children = (
				407DBDD3224FA5E80062CB1A /* AppDelegate.swift */,
				407DBDD5224FA5E80062CB1A /* ViewController.swift */,
				407DBDD7224FA5E80062CB1A /* Main.storyboard */,
				407DBDDD224FA5E90062CB1A /* Assets.xcassets */,
				407DBDDF224FA5E90062CB1A /* LaunchScreen.storyboard */,
				407DBDE2224FA5E90062CB1A /* Info.plist */,
				407DBDDA224FA5E80062CB1A /* Enclosures.xcdatamodeld */,
			);
			path = Enclosures;
			sourceTree = "<group>";
		};
/* End PBXGroup section */

/* Begin PBXNativeTarget section */
		407DBDCF224FA5E80062CB1A /* Enclosures */ = {
			isa = PBXNativeTarget;
			buildConfigurationList = 407DBDE5224FA5E90062CB1A /* Build configuration list for PBXNativeTarget "Enclosures" */;
			buildPhases = (
				407DBDCC224FA5E80062CB1A /* Sources */,
				407DBDCD224FA5E80062CB1A /* Frameworks */,
				407DBDCE224FA5E80062CB1A /* Resources */,
			);
			buildRules = (
			);
			dependencies = (
			);
			name = Enclosures;
			productName = Enclosures;
			productReference = 407DBDD0224FA5E80062CB1A /* Enclosures.app */;
			productType = "com.apple.product-type.application";
		};
/* End PBXNativeTarget section */

/* Begin PBXProject section */
		407DBDC8224FA5E80062CB1A /* Project object */ = {
			isa = PBXProject;
			attributes = {
				LastSwiftUpdateCheck = 1020;
				LastUpgradeCheck = 1020;
				ORGANIZATIONNAME = "Christiano Mere";
				TargetAttributes = {
					407DBDCF224FA5E80062CB1A = {
						CreatedOnToolsVersion = 10.2;
					};
				};
			};
			buildConfigurationList = 407DBDCB224FA5E80062CB1A /* Build configuration list for PBXProject "Enclosures" */;
			compatibilityVersion = "Xcode 9.3";
			developmentRegion = en;
			hasScannedForEncodings = 0;
			knownRegions = (
				en,
				Base,
			);
			mainGroup = 407DBDC7224FA5E80062CB1A;
			productRefGroup = 407DBDD1224FA5E80062CB1A /* Products */;
			projectDirPath = "";
			projectRoot = "";
			targets = (
				407DBDCF224FA5E80062CB1A /* Enclosures */,
			);
		};
/* End PBXProject section */

/* Begin PBXResourcesBuildPhase section */
		407DBDCE224FA5E80062CB1A /* Resources */ = {
			isa = PBXResourcesBuildPhase;
			buildActionMask = 2147483647;
			files = (
				407DBDE1224FA5E90062CB1A /* LaunchScreen.storyboard in Resources */,
				407DBDDE224FA5E90062CB1A /* Assets.xcassets in Resources */,
				407DBDD9224FA5E80062CB1A /* Main.storyboard in Resources */,
			);
			runOnlyForDeploymentPostprocessing = 0;
		};
/* End PBXResourcesBuildPhase section */

/* Begin PBXSourcesBuildPhase section */
		407DBDCC224FA5E80062CB1A /* Sources */ = {
			isa = PBXSourcesBuildPhase;
			buildActionMask = 2147483647;
			files = (
				407DBDD6224FA5E80062CB1A /* ViewController.swift in Sources */,
				407DBDD4224FA5E80062CB1A /* AppDelegate.swift in Sources */,
				407DBDDC224FA5E80062CB1A /* Enclosures.xcdatamodeld in Sources */,
			);
			runOnlyForDeploymentPostprocessing = 0;
		};
/* End PBXSourcesBuildPhase section */

/* Begin PBXVariantGroup section */
		407DBDD7224FA5E80062CB1A /* Main.storyboard */ = {
			isa = PBXVariantGroup;
			children = (
				407DBDD8224FA5E80062CB1A /* Base */,
			);
			name = Main.storyboard;
			sourceTree = "<group>";
		};
		407DBDDF224FA5E90062CB1A /* LaunchScreen.storyboard */ = {
			isa = PBXVariantGroup;
			children = (
				407DBDE0224FA5E90062CB1A /* Base */,
			);
			name = LaunchScreen.storyboard;
			sourceTree = "<group>";
		};
/* End PBXVariantGroup section */

/* Begin XCBuildConfiguration section */
		407DBDE3224FA5E90062CB1A /* Debug */ = {
			isa = XCBuildConfiguration;
			buildSettings = {
				ALWAYS_SEARCH_USER_PATHS = NO;
				CLANG_ANALYZER_NONNULL = YES;
				CLANG_ANALYZER_NUMBER_OBJECT_CONVERSION = YES_AGGRESSIVE;
				CLANG_CXX_LANGUAGE_STANDARD = "gnu++14";
				CLANG_CXX_LIBRARY = "libc++";
				CLANG_ENABLE_MODULES = YES;
				CLANG_ENABLE_OBJC_ARC = YES;
				CLANG_ENABLE_OBJC_WEAK = YES;
				CLANG_WARN_BLOCK_CAPTURE_AUTORELEASING = YES;
				CLANG_WARN_BOOL_CONVERSION = YES;
				CLANG_WARN_COMMA = YES;
				CLANG_WARN_CONSTANT_CONVERSION = YES;
				CLANG_WARN_DEPRECATED_OBJC_IMPLEMENTATIONS = YES;
				CLANG_WARN_DIRECT_OBJC_ISA_USAGE = YES_ERROR;
				CLANG_WARN_DOCUMENTATION_COMMENTS = YES;
				CLANG_WARN_EMPTY_BODY = YES;
				CLANG_WARN_ENUM_CONVERSION = YES;
				CLANG_WARN_INFINITE_RECURSION = YES;
				CLANG_WARN_INT_CONVERSION = YES;
				CLANG_WARN_NON_LITERAL_NULL_CONVERSION = YES;
				CLANG_WARN_OBJC_IMPLICIT_RETAIN_SELF = YES;
				CLANG_WARN_OBJC_LITERAL_CONVERSION = YES;
				CLANG_WARN_OBJC_ROOT_CLASS = YES_ERROR;
				CLANG_WARN_RANGE_LOOP_ANALYSIS = YES;
				CLANG_WARN_STRICT_PROTOTYPES = YES;
				CLANG_WARN_SUSPICIOUS_MOVE = YES;
				CLANG_WARN_UNGUARDED_AVAILABILITY = YES_AGGRESSIVE;
				CLANG_WARN_UNREACHABLE_CODE = YES;
				CLANG_WARN__DUPLICATE_METHOD_MATCH = YES;
				CODE_SIGN_IDENTITY = "iPhone Developer";
				COPY_PHASE_STRIP = NO;
				DEBUG_INFORMATION_FORMAT = dwarf;
				ENABLE_STRICT_OBJC_MSGSEND = YES;
				ENABLE_TESTABILITY = YES;
				GCC_C_LANGUAGE_STANDARD = gnu11;
				GCC_DYNAMIC_NO_PIC = NO;
				GCC_NO_COMMON_BLOCKS = YES;
				GCC_OPTIMIZATION_LEVEL = 0;
				GCC_PREPROCESSOR_DEFINITIONS = (
					"DEBUG=1",
					"$(inherited)",
				);
				GCC_WARN_64_TO_32_BIT_CONVERSION = YES;
				GCC_WARN_ABOUT_RETURN_TYPE = YES_ERROR;
				GCC_WARN_UNDECLARED_SELECTOR = YES;
				GCC_WARN_UNINITIALIZED_AUTOS = YES_AGGRESSIVE;
				GCC_WARN_UNUSED_FUNCTION = YES;
				GCC_WARN_UNUSED_VARIABLE = YES;
				IPHONEOS_DEPLOYMENT_TARGET = 12.2;
				MTL_ENABLE_DEBUG_INFO = INCLUDE_SOURCE;
				MTL_FAST_MATH = YES;
				ONLY_ACTIVE_ARCH = YES;
				SDKROOT = iphoneos;
				SWIFT_ACTIVE_COMPILATION_CONDITIONS = DEBUG;
				SWIFT_OPTIMIZATION_LEVEL = "-Onone";
			};
			name = Debug;
		};
		407DBDE4224FA5E90062CB1A /* Release */ = {
			isa = XCBuildConfiguration;
			buildSettings = {
				ALWAYS_SEARCH_USER_PATHS = NO;
				CLANG_ANALYZER_NONNULL = YES;
				CLANG_ANALYZER_NUMBER_OBJECT_CONVERSION = YES_AGGRESSIVE;
				CLANG_CXX_LANGUAGE_STANDARD = "gnu++14";
				CLANG_CXX_LIBRARY = "libc++";
				CLANG_ENABLE_MODULES = YES;
				CLANG_ENABLE_OBJC_ARC = YES;
				CLANG_ENABLE_OBJC_WEAK = YES;
				CLANG_WARN_BLOCK_CAPTURE_AUTORELEASING = YES;
				CLANG_WARN_BOOL_CONVERSION = YES;
				CLANG_WARN_COMMA = YES;
				CLANG_WARN_CONSTANT_CONVERSION = YES;
				CLANG_WARN_DEPRECATED_OBJC_IMPLEMENTATIONS = YES;
				CLANG_WARN_DIRECT_OBJC_ISA_USAGE = YES_ERROR;
				CLANG_WARN_DOCUMENTATION_COMMENTS = YES;
				CLANG_WARN_EMPTY_BODY = YES;
				CLANG_WARN_ENUM_CONVERSION = YES;
				CLANG_WARN_INFINITE_RECURSION = YES;
				CLANG_WARN_INT_CONVERSION = YES;
				CLANG_WARN_NON_LITERAL_NULL_CONVERSION = YES;
				CLANG_WARN_OBJC_IMPLICIT_RETAIN_SELF = YES;
				CLANG_WARN_OBJC_LITERAL_CONVERSION = YES;
				CLANG_WARN_OBJC_ROOT_CLASS = YES_ERROR;
				CLANG_WARN_RANGE_LOOP_ANALYSIS = YES;
				CLANG_WARN_STRICT_PROTOTYPES = YES;
				CLANG_WARN_SUSPICIOUS_MOVE = YES;
				CLANG_WARN_UNGUARDED_AVAILABILITY = YES_AGGRESSIVE;
				CLANG_WARN_UNREACHABLE_CODE = YES;
				CLANG_WARN__DUPLICATE_METHOD_MATCH = YES;
				CODE_SIGN_IDENTITY = "iPhone Developer";
				COPY_PHASE_STRIP = NO;
				DEBUG_INFORMATION_FORMAT = "dwarf-with-dsym";
				ENABLE_NS_ASSERTIONS = NO;
				ENABLE_STRICT_OBJC_MSGSEND = YES;
				GCC_C_LANGUAGE_STANDARD = gnu11;
				GCC_NO_COMMON_BLOCKS = YES;
				GCC_WARN_64_TO_32_BIT_CONVERSION = YES;
				GCC_WARN_ABOUT_RETURN_TYPE = YES_ERROR;
				GCC_WARN_UNDECLARED_SELECTOR = YES;
				GCC_WARN_UNINITIALIZED_AUTOS = YES_AGGRESSIVE;
				GCC_WARN_UNUSED_FUNCTION = YES;
				GCC_WARN_UNUSED_VARIABLE = YES;
				IPHONEOS_DEPLOYMENT_TARGET = 12.2;
				MTL_ENABLE_DEBUG_INFO = NO;
				MTL_FAST_MATH = YES;
				SDKROOT = iphoneos;
				SWIFT_COMPILATION_MODE = wholemodule;
				SWIFT_OPTIMIZATION_LEVEL = "-O";
				VALIDATE_PRODUCT = YES;
			};
			name = Release;
		};
		407DBDE6224FA5E90062CB1A /* Debug */ = {
			isa = XCBuildConfiguration;
			buildSettings = {
				ASSETCATALOG_COMPILER_APPICON_NAME = AppIcon;
				CODE_SIGN_STYLE = Automatic;
				INFOPLIST_FILE = Enclosures/Info.plist;
				LD_RUNPATH_SEARCH_PATHS = (
					"$(inherited)",
					"@executable_path/Frameworks",
				);
				PRODUCT_BUNDLE_IDENTIFIER = com.br.christianomere.Enclosures;
				PRODUCT_NAME = "$(TARGET_NAME)";
				SWIFT_VERSION = 5.0;
				TARGETED_DEVICE_FAMILY = "1,2";
			};
			name = Debug;
		};
		407DBDE7224FA5E90062CB1A /* Release */ = {
			isa = XCBuildConfiguration;
			buildSettings = {
				ASSETCATALOG_COMPILER_APPICON_NAME = AppIcon;
				CODE_SIGN_STYLE = Automatic;
				INFOPLIST_FILE = Enclosures/Info.plist;
				LD_RUNPATH_SEARCH_PATHS = (
					"$(inherited)",
					"@executable_path/Frameworks",
				);
				PRODUCT_BUNDLE_IDENTIFIER = com.br.christianomere.Enclosures;
				PRODUCT_NAME = "$(TARGET_NAME)";
				SWIFT_VERSION = 5.0;
				TARGETED_DEVICE_FAMILY = "1,2";
			};
			name = Release;
		};
/* End XCBuildConfiguration section */

/* Begin XCConfigurationList section */
		407DBDCB224FA5E80062CB1A /* Build configuration list for PBXProject "Enclosures" */ = {
			isa = XCConfigurationList;
			buildConfigurations = (
				407DBDE3224FA5E90062CB1A /* Debug */,
				407DBDE4224FA5E90062CB1A /* Release */,
			);
			defaultConfigurationIsVisible = 0;
			defaultConfigurationName = Release;
		};
		407DBDE5224FA5E90062CB1A /* Build configuration list for PBXNativeTarget "Enclosures" */ = {
			isa = XCConfigurationList;
			buildConfigurations = (
				407DBDE6224FA5E90062CB1A /* Debug */,
				407DBDE7224FA5E90062CB1A /* Release */,
			);
			defaultConfigurationIsVisible = 0;
			defaultConfigurationName = Release;
		};
/* End XCConfigurationList section */

/* Begin XCVersionGroup section */
		407DBDDA224FA5E80062CB1A /* Enclosures.xcdatamodeld */ = {
			isa = XCVersionGroup;
			children = (
				407DBDDB224FA5E80062CB1A /* Enclosures.xcdatamodel */,
			);
			currentVersion = 407DBDDB224FA5E80062CB1A /* Enclosures.xcdatamodel */;
			path = Enclosures.xcdatamodeld;
			sourceTree = "<group>";
			versionGroupType = wrapper.xcdatamodel;
		};
/* End XCVersionGroup section */
	};
	rootObject = 407DBDC8224FA5E80062CB1A /* Project object */;
}
